{
  "version": 4,
  "terraform_version": "0.15.4",
  "serial": 110,
  "lineage": "dc705e2a-030e-b4b4-e6f3-d9f6a0e29c14",
  "outputs": {},
  "resources": [
    {
      "mode": "managed",
      "type": "hyperv_machine_instance",
      "name": "default",
      "provider": "provider[\"registry.terraform.io/taliesins/hyperv\"]",
      "instances": [
        {
          "schema_version": 0,
          "attributes": {
            "automatic_critical_error_action": "Pause",
            "automatic_critical_error_action_timeout": 30,
            "automatic_start_action": "StartIfRunning",
            "automatic_start_delay": 0,
            "automatic_stop_action": "Save",
            "checkpoint_type": "Production",
            "dvd_drives": [
              {
                "controller_location": 1,
                "controller_number": 0,
                "path": "D:\\soft\\iso\\linux\\debian-10.0.0-amd64-netinst.iso",
                "resource_pool_name": ""
              }
            ],
            "dynamic_memory": false,
            "generation": 2,
            "guest_controlled_cache_types": false,
            "hard_disk_drives": [
              {
                "controller_location": 0,
                "controller_number": 0,
                "controller_type": "Scsi",
                "disk_number": 4294967295,
                "maximum_iops": 0,
                "minimum_iops": 0,
                "override_cache_attributes": "Default",
                "path": "D:\\Hyper-V\\terraform\\web_server\\Virtual Hard Disks\\MobyLinuxVM.vhdx",
                "qos_policy_id": "00000000-0000-0000-0000-000000000000",
                "resource_pool_name": "Primordial",
                "support_persistent_reservations": false
              }
            ],
            "high_memory_mapped_io_space": 536870912,
            "id": "WebServer",
            "integration_services": {
              "VSS": true,
              "ЋЎ¬Ґ­ Ї а ¬Ё \"Є«оз-§­ зҐ­ЁҐ\"": true,
              "Џг«мб": true,
              "‘Ё­еа®­Ё§ жЁп ўаҐ¬Ґ­Ё": true,
              "‡ ўҐаиҐ­ЁҐ а Ў®вл": true,
              "€­вҐадҐ©б Ј®бвҐў®© б«г¦Ўл": false
            },
            "lock_on_disconnect": "Off",
            "low_memory_mapped_io_space": 134217728,
            "memory_maximum_bytes": 1099511627776,
            "memory_minimum_bytes": 536870912,
            "memory_startup_bytes": 536870912,
            "name": "WebServer",
            "network_adaptors": [
              {
                "allow_teaming": "On",
                "device_naming": "Off",
                "dhcp_guard": "Off",
                "dynamic_ip_address_limit": 0,
                "dynamic_mac_address": true,
                "fix_speed_10g": "Off",
                "ieee_priority_tag": "Off",
                "iov_interrupt_moderation": "Off",
                "iov_queue_pairs_requested": 1,
                "iov_weight": 100,
                "ip_addresses": [],
                "ipsec_offload_maximum_security_association": 512,
                "is_legacy": false,
                "mac_address_spoofing": "Off",
                "management_os": false,
                "mandatory_feature_id": [],
                "maximum_bandwidth": 0,
                "minimum_bandwidth_absolute": 0,
                "minimum_bandwidth_weight": 0,
                "name": "Network Adapter",
                "not_monitored_in_cluster": false,
                "packet_direct_moderation_count": 0,
                "packet_direct_moderation_interval": 0,
                "packet_direct_num_procs": 0,
                "port_mirroring": "None",
                "resource_pool_name": "",
                "router_guard": "Off",
                "static_mac_address": "00155D006D4C",
                "storm_limit": 0,
                "switch_name": "Internet",
                "test_replica_pool_name": "",
                "test_replica_switch_name": "",
                "virtual_subnet_id": 0,
                "vlan_access": false,
                "vlan_id": 0,
                "vmmq_enabled": false,
                "vmmq_queue_pairs": 16,
                "vmq_weight": 100,
                "vrss_enabled": true,
                "wait_for_ips": true
              }
            ],
            "notes": "",
            "processor_count": 1,
            "smart_paging_file_path": "D:\\Hyper-V\\terraform\\web_server",
            "snapshot_file_location": "D:\\Hyper-V\\terraform\\web_server",
            "state": "Off",
            "static_memory": true,
            "vm_firmware": [
              {
                "console_mode": "Default",
                "enable_secure_boot": "Off",
                "pause_after_boot_failure": "Off",
                "preferred_network_boot_protocol": "IPv4",
                "secure_boot_template": "MicrosoftWindows"
              }
            ],
            "vm_processor": [],
            "wait_for_ips_poll_period": 5,
            "wait_for_ips_timeout": 300,
            "wait_for_state_poll_period": 2,
            "wait_for_state_timeout": 120
          },
          "sensitive_attributes": [],
          "private": "bnVsbA=="
        }
      ]
    },
    {
      "mode": "managed",
      "type": "hyperv_vhd",
      "name": "web_server_vhd",
      "provider": "provider[\"registry.terraform.io/taliesins/hyperv\"]",
      "instances": [
        {
          "schema_version": 0,
          "attributes": {
            "block_size": 0,
            "exists": false,
            "id": "D:\\Hyper-V\\terraform\\web_server\\Virtual Hard Disks\\MobyLinuxVM.vhdx",
            "logical_sector_size": 0,
            "parent_path": null,
            "path": "D:\\Hyper-V\\terraform\\web_server\\Virtual Hard Disks\\MobyLinuxVM.vhdx",
            "physical_sector_size": 0,
            "size": 11474836480,
            "source": null,
            "source_disk": null,
            "source_vm": null,
            "vhd_type": "Dynamic"
          },
          "sensitive_attributes": [],
          "private": "bnVsbA=="
        }
      ]
    }
  ]
}
